
Microsoft Visual Studio Solution File, Format Version 12.00
# Visual Studio Version 17
VisualStudioVersion = 17.10.35027.167
MinimumVisualStudioVersion = 10.0.40219.1
Project("{FAE04EC0-301F-11D3-BF4B-00C04F79EFBC}") = "Week1Demo", "Week1Demo.csproj", "{65FF0414-7EE3-44A4-9023-0F1FDF54EC77}"
EndProject
Global
	GlobalSection(SolutionConfigurationPlatforms) = preSolution
		Debug|Any CPU = Debug|Any CPU
		Release|Any CPU = Release|Any CPU
	EndGlobalSection
	GlobalSection(ProjectConfigurationPlatforms) = postSolution
		{65FF0414-7EE3-44A4-9023-0F1FDF54EC77}.Debug|Any CPU.ActiveCfg = Debug|Any CPU
		{65FF0414-7EE3-44A4-9023-0F1FDF54EC77}.Debug|Any CPU.Build.0 = Debug|Any CPU
		{65FF0414-7EE3-44A4-9023-0F1FDF54EC77}.Release|Any CPU.ActiveCfg = Release|Any CPU
		{65FF0414-7EE3-44A4-9023-0F1FDF54EC77}.Release|Any CPU.Build.0 = Release|Any CPU
	EndGlobalSection
	GlobalSection(SolutionProperties) = preSolution
		HideSolutionNode = FALSE
	EndGlobalSection
	GlobalSection(ExtensibilityGlobals) = postSolution
		SolutionGuid = {D1FE0528-76D9-470E-91AB-FB8A45CE720B}
	EndGlobalSection
EndGlobal
