
Microsoft Visual Studio Solution File, Format Version 12.00
# Visual Studio Version 17
VisualStudioVersion = 17.10.35027.167
MinimumVisualStudioVersion = 10.0.40219.1
Project("{FAE04EC0-301F-11D3-BF4B-00C04F79EFBC}") = "PE7_Stascks&Qeueues", "PE7_Stascks&Qeueues.csproj", "{1CC2DB67-F649-4827-8000-EA804B041D07}"
EndProject
Global
	GlobalSection(SolutionConfigurationPlatforms) = preSolution
		Debug|Any CPU = Debug|Any CPU
		Release|Any CPU = Release|Any CPU
	EndGlobalSection
	GlobalSection(ProjectConfigurationPlatforms) = postSolution
		{1CC2DB67-F649-4827-8000-EA804B041D07}.Debug|Any CPU.ActiveCfg = Debug|Any CPU
		{1CC2DB67-F649-4827-8000-EA804B041D07}.Debug|Any CPU.Build.0 = Debug|Any CPU
		{1CC2DB67-F649-4827-8000-EA804B041D07}.Release|Any CPU.ActiveCfg = Release|Any CPU
		{1CC2DB67-F649-4827-8000-EA804B041D07}.Release|Any CPU.Build.0 = Release|Any CPU
	EndGlobalSection
	GlobalSection(SolutionProperties) = preSolution
		HideSolutionNode = FALSE
	EndGlobalSection
	GlobalSection(ExtensibilityGlobals) = postSolution
		SolutionGuid = {59B5AE11-AE84-463B-A622-A04E75BFD2D4}
	EndGlobalSection
EndGlobal
