
Microsoft Visual Studio Solution File, Format Version 12.00
# Visual Studio Version 17
VisualStudioVersion = 17.10.35027.167
MinimumVisualStudioVersion = 10.0.40219.1
Project("{FAE04EC0-301F-11D3-BF4B-00C04F79EFBC}") = "PE6_Indexes&Generics", "PE6_Indexes&Generics.csproj", "{8503E1BB-7157-403B-B704-35D6FD59DEDB}"
EndProject
Global
	GlobalSection(SolutionConfigurationPlatforms) = preSolution
		Debug|Any CPU = Debug|Any CPU
		Release|Any CPU = Release|Any CPU
	EndGlobalSection
	GlobalSection(ProjectConfigurationPlatforms) = postSolution
		{8503E1BB-7157-403B-B704-35D6FD59DEDB}.Debug|Any CPU.ActiveCfg = Debug|Any CPU
		{8503E1BB-7157-403B-B704-35D6FD59DEDB}.Debug|Any CPU.Build.0 = Debug|Any CPU
		{8503E1BB-7157-403B-B704-35D6FD59DEDB}.Release|Any CPU.ActiveCfg = Release|Any CPU
		{8503E1BB-7157-403B-B704-35D6FD59DEDB}.Release|Any CPU.Build.0 = Release|Any CPU
	EndGlobalSection
	GlobalSection(SolutionProperties) = preSolution
		HideSolutionNode = FALSE
	EndGlobalSection
	GlobalSection(ExtensibilityGlobals) = postSolution
		SolutionGuid = {3FC7CD57-CFE3-4012-9EB2-69E0FD913FCC}
	EndGlobalSection
EndGlobal
