
Microsoft Visual Studio Solution File, Format Version 12.00
# Visual Studio Version 17
VisualStudioVersion = 17.11.35303.130
MinimumVisualStudioVersion = 10.0.40219.1
Project("{FAE04EC0-301F-11D3-BF4B-00C04F79EFBC}") = "HW1_GameOfLife", "HW1_GameOfLife.csproj", "{EE749434-65B3-423A-A759-6A9D407AAA86}"
EndProject
Global
	GlobalSection(SolutionConfigurationPlatforms) = preSolution
		Debug|Any CPU = Debug|Any CPU
		Release|Any CPU = Release|Any CPU
	EndGlobalSection
	GlobalSection(ProjectConfigurationPlatforms) = postSolution
		{EE749434-65B3-423A-A759-6A9D407AAA86}.Debug|Any CPU.ActiveCfg = Debug|Any CPU
		{EE749434-65B3-423A-A759-6A9D407AAA86}.Debug|Any CPU.Build.0 = Debug|Any CPU
		{EE749434-65B3-423A-A759-6A9D407AAA86}.Release|Any CPU.ActiveCfg = Release|Any CPU
		{EE749434-65B3-423A-A759-6A9D407AAA86}.Release|Any CPU.Build.0 = Release|Any CPU
	EndGlobalSection
	GlobalSection(SolutionProperties) = preSolution
		HideSolutionNode = FALSE
	EndGlobalSection
	GlobalSection(ExtensibilityGlobals) = postSolution
		SolutionGuid = {908515DA-1964-4DFA-9101-7C3171389E4D}
	EndGlobalSection
EndGlobal
