
Microsoft Visual Studio Solution File, Format Version 12.00
# Visual Studio Version 17
VisualStudioVersion = 17.10.35027.167
MinimumVisualStudioVersion = 10.0.40219.1
Project("{FAE04EC0-301F-11D3-BF4B-00C04F79EFBC}") = "HW2_Expedition.NolanK", "HW2_Expedition.NolanK.csproj", "{E93DA990-58F2-48FD-8139-51B755DEBF40}"
EndProject
Global
	GlobalSection(SolutionConfigurationPlatforms) = preSolution
		Debug|Any CPU = Debug|Any CPU
		Release|Any CPU = Release|Any CPU
	EndGlobalSection
	GlobalSection(ProjectConfigurationPlatforms) = postSolution
		{E93DA990-58F2-48FD-8139-51B755DEBF40}.Debug|Any CPU.ActiveCfg = Debug|Any CPU
		{E93DA990-58F2-48FD-8139-51B755DEBF40}.Debug|Any CPU.Build.0 = Debug|Any CPU
		{E93DA990-58F2-48FD-8139-51B755DEBF40}.Release|Any CPU.ActiveCfg = Release|Any CPU
		{E93DA990-58F2-48FD-8139-51B755DEBF40}.Release|Any CPU.Build.0 = Release|Any CPU
	EndGlobalSection
	GlobalSection(SolutionProperties) = preSolution
		HideSolutionNode = FALSE
	EndGlobalSection
	GlobalSection(ExtensibilityGlobals) = postSolution
		SolutionGuid = {C1FA8149-7917-46BE-B7D4-69FF0584AA19}
	EndGlobalSection
EndGlobal
