
Microsoft Visual Studio Solution File, Format Version 12.00
# Visual Studio Version 17
VisualStudioVersion = 17.10.35027.167
MinimumVisualStudioVersion = 10.0.40219.1
Project("{FAE04EC0-301F-11D3-BF4B-00C04F79EFBC}") = "IntroDataStructures", "IntroDataStructures.csproj", "{DE5CE378-24DF-4D60-9712-E286148B1190}"
EndProject
Global
	GlobalSection(SolutionConfigurationPlatforms) = preSolution
		Debug|Any CPU = Debug|Any CPU
		Release|Any CPU = Release|Any CPU
	EndGlobalSection
	GlobalSection(ProjectConfigurationPlatforms) = postSolution
		{DE5CE378-24DF-4D60-9712-E286148B1190}.Debug|Any CPU.ActiveCfg = Debug|Any CPU
		{DE5CE378-24DF-4D60-9712-E286148B1190}.Debug|Any CPU.Build.0 = Debug|Any CPU
		{DE5CE378-24DF-4D60-9712-E286148B1190}.Release|Any CPU.ActiveCfg = Release|Any CPU
		{DE5CE378-24DF-4D60-9712-E286148B1190}.Release|Any CPU.Build.0 = Release|Any CPU
	EndGlobalSection
	GlobalSection(SolutionProperties) = preSolution
		HideSolutionNode = FALSE
	EndGlobalSection
	GlobalSection(ExtensibilityGlobals) = postSolution
		SolutionGuid = {67474188-0C79-41BA-9A70-50124AD603BA}
	EndGlobalSection
EndGlobal
