
Microsoft Visual Studio Solution File, Format Version 12.00
# Visual Studio Version 17
VisualStudioVersion = 17.10.35027.167
MinimumVisualStudioVersion = 10.0.40219.1
Project("{FAE04EC0-301F-11D3-BF4B-00C04F79EFBC}") = "IGME-106-Exam1-2245", "IGME-106-Exam1-2245.csproj", "{7CC2B0C4-4F2D-456A-9316-511E0BE31FA8}"
EndProject
Global
	GlobalSection(SolutionConfigurationPlatforms) = preSolution
		Debug|Any CPU = Debug|Any CPU
		Release|Any CPU = Release|Any CPU
	EndGlobalSection
	GlobalSection(ProjectConfigurationPlatforms) = postSolution
		{7CC2B0C4-4F2D-456A-9316-511E0BE31FA8}.Debug|Any CPU.ActiveCfg = Debug|Any CPU
		{7CC2B0C4-4F2D-456A-9316-511E0BE31FA8}.Debug|Any CPU.Build.0 = Debug|Any CPU
		{7CC2B0C4-4F2D-456A-9316-511E0BE31FA8}.Release|Any CPU.ActiveCfg = Release|Any CPU
		{7CC2B0C4-4F2D-456A-9316-511E0BE31FA8}.Release|Any CPU.Build.0 = Release|Any CPU
	EndGlobalSection
	GlobalSection(SolutionProperties) = preSolution
		HideSolutionNode = FALSE
	EndGlobalSection
	GlobalSection(ExtensibilityGlobals) = postSolution
		SolutionGuid = {D543971C-D4D2-47AD-BC4D-114EB0A8C537}
	EndGlobalSection
EndGlobal
